// !$*UTF8*$!
{
	archiveVersion = 1;
	classes = {
	};
	objectVersion = 50;
	objects = {

/* Begin PBXBuildFile section */
		3F07F4BA214D4FF600DFD08F /* MapKit.framework in Frameworks */ = {isa = PBXBuildFile; fileRef = 3F07F4B9214D4FF600DFD08F /* MapKit.framework */; };
		3F07F4BE214D74C200DFD08F /* sample.jpeg in Resources */ = {isa = PBXBuildFile; fileRef = 3F07F4BD214D74C200DFD08F /* sample.jpeg */; };
		3F07F4C2214D96D600DFD08F /* ARControllerCollectionVW.swift in Sources */ = {isa = PBXBuildFile; fileRef = 3F07F4C1214D96D600DFD08F /* ARControllerCollectionVW.swift */; };
		3FC3034E214DE4B9007323D3 /* VC.swift in Sources */ = {isa = PBXBuildFile; fileRef = 3FC3034D214DE4B9007323D3 /* VC.swift */; };
		3FE530A6214D1E9300DF3BAB /* SettingsController.swift in Sources */ = {isa = PBXBuildFile; fileRef = 3FE530A5214D1E9300DF3BAB /* SettingsController.swift */; };
		62F9DD2F49EFB4B8F1058926 /* Pods_AthenaUITests.framework in Frameworks */ = {isa = PBXBuildFile; fileRef = 7D506C87ED294023402F23FA /* Pods_AthenaUITests.framework */; };
		A260D36332E7184D5B664F9B /* Pods_AthenaTests.framework in Frameworks */ = {isa = PBXBuildFile; fileRef = 694A8580331A4B506A39E192 /* Pods_AthenaTests.framework */; };
		A511C9A5214D276F004FE4B8 /* ViewController.swift in Sources */ = {isa = PBXBuildFile; fileRef = A511C9A0214D276E004FE4B8 /* ViewController.swift */; };
		A511C9A6214D276F004FE4B8 /* ClassObjects.swift in Sources */ = {isa = PBXBuildFile; fileRef = A511C9A1214D276E004FE4B8 /* ClassObjects.swift */; };
		A5EB2C87214CB168006AF614 /* AppDelegate.swift in Sources */ = {isa = PBXBuildFile; fileRef = A5EB2C86214CB168006AF614 /* AppDelegate.swift */; };
		A5EB2C89214CB168006AF614 /* art.scnassets in Resources */ = {isa = PBXBuildFile; fileRef = A5EB2C88214CB168006AF614 /* art.scnassets */; };
		A5EB2C8B214CB168006AF614 /* ARController.swift in Sources */ = {isa = PBXBuildFile; fileRef = A5EB2C8A214CB168006AF614 /* ARController.swift */; };
		A5EB2C8E214CB168006AF614 /* Main.storyboard in Resources */ = {isa = PBXBuildFile; fileRef = A5EB2C8C214CB168006AF614 /* Main.storyboard */; };
		A5EB2C90214CB16A006AF614 /* Assets.xcassets in Resources */ = {isa = PBXBuildFile; fileRef = A5EB2C8F214CB16A006AF614 /* Assets.xcassets */; };
		A5EB2C93214CB16A006AF614 /* LaunchScreen.storyboard in Resources */ = {isa = PBXBuildFile; fileRef = A5EB2C91214CB16A006AF614 /* LaunchScreen.storyboard */; };
		A5EB2C9E214CB16A006AF614 /* AthenaTests.swift in Sources */ = {isa = PBXBuildFile; fileRef = A5EB2C9D214CB16A006AF614 /* AthenaTests.swift */; };
		A5EB2CA9214CB16A006AF614 /* AthenaUITests.swift in Sources */ = {isa = PBXBuildFile; fileRef = A5EB2CA8214CB16A006AF614 /* AthenaUITests.swift */; };
		C5B92B49BEA9C902B4072C82 /* Pods_Athena.framework in Frameworks */ = {isa = PBXBuildFile; fileRef = B7708D55FAE00C8983725636 /* Pods_Athena.framework */; };
/* End PBXBuildFile section */

/* Begin PBXContainerItemProxy section */
		A5EB2C9A214CB16A006AF614 /* PBXContainerItemProxy */ = {
			isa = PBXContainerItemProxy;
			containerPortal = A5EB2C7B214CB168006AF614 /* Project object */;
			proxyType = 1;
			remoteGlobalIDString = A5EB2C82214CB168006AF614;
			remoteInfo = Athena;
		};
		A5EB2CA5214CB16A006AF614 /* PBXContainerItemProxy */ = {
			isa = PBXContainerItemProxy;
			containerPortal = A5EB2C7B214CB168006AF614 /* Project object */;
			proxyType = 1;
			remoteGlobalIDString = A5EB2C82214CB168006AF614;
			remoteInfo = Athena;
		};
/* End PBXContainerItemProxy section */

/* Begin PBXFileReference section */
		20B7EF3D011FFD405DDF4634 /* Pods-AthenaUITests.debug.xcconfig */ = {isa = PBXFileReference; includeInIndex = 1; lastKnownFileType = text.xcconfig; name = "Pods-AthenaUITests.debug.xcconfig"; path = "Pods/Target Support Files/Pods-AthenaUITests/Pods-AthenaUITests.debug.xcconfig"; sourceTree = "<group>"; };
		33B3B774B691A682B469281B /* Pods-AthenaTests.release.xcconfig */ = {isa = PBXFileReference; includeInIndex = 1; lastKnownFileType = text.xcconfig; name = "Pods-AthenaTests.release.xcconfig"; path = "Pods/Target Support Files/Pods-AthenaTests/Pods-AthenaTests.release.xcconfig"; sourceTree = "<group>"; };
		3C4CF29C55AB3E7E012547FA /* Pods-Athena.release.xcconfig */ = {isa = PBXFileReference; includeInIndex = 1; lastKnownFileType = text.xcconfig; name = "Pods-Athena.release.xcconfig"; path = "Pods/Target Support Files/Pods-Athena/Pods-Athena.release.xcconfig"; sourceTree = "<group>"; };
		3F07F4B9214D4FF600DFD08F /* MapKit.framework */ = {isa = PBXFileReference; lastKnownFileType = wrapper.framework; name = MapKit.framework; path = System/Library/Frameworks/MapKit.framework; sourceTree = SDKROOT; };
		3F07F4BD214D74C200DFD08F /* sample.jpeg */ = {isa = PBXFileReference; lastKnownFileType = image.jpeg; path = sample.jpeg; sourceTree = "<group>"; };
		3F07F4C1214D96D600DFD08F /* ARControllerCollectionVW.swift */ = {isa = PBXFileReference; fileEncoding = 4; lastKnownFileType = sourcecode.swift; path = ARControllerCollectionVW.swift; sourceTree = "<group>"; };
		3FC3034D214DE4B9007323D3 /* VC.swift */ = {isa = PBXFileReference; lastKnownFileType = sourcecode.swift; path = VC.swift; sourceTree = "<group>"; };
		3FE530A5214D1E9300DF3BAB /* SettingsController.swift */ = {isa = PBXFileReference; lastKnownFileType = sourcecode.swift; path = SettingsController.swift; sourceTree = "<group>"; };
		562688504CE2D98DA116A05C /* Pods-Athena.debug.xcconfig */ = {isa = PBXFileReference; includeInIndex = 1; lastKnownFileType = text.xcconfig; name = "Pods-Athena.debug.xcconfig"; path = "Pods/Target Support Files/Pods-Athena/Pods-Athena.debug.xcconfig"; sourceTree = "<group>"; };
		694A8580331A4B506A39E192 /* Pods_AthenaTests.framework */ = {isa = PBXFileReference; explicitFileType = wrapper.framework; includeInIndex = 0; path = Pods_AthenaTests.framework; sourceTree = BUILT_PRODUCTS_DIR; };
		7D506C87ED294023402F23FA /* Pods_AthenaUITests.framework */ = {isa = PBXFileReference; explicitFileType = wrapper.framework; includeInIndex = 0; path = Pods_AthenaUITests.framework; sourceTree = BUILT_PRODUCTS_DIR; };
		A511C9A0214D276E004FE4B8 /* ViewController.swift */ = {isa = PBXFileReference; fileEncoding = 4; lastKnownFileType = sourcecode.swift; path = ViewController.swift; sourceTree = "<group>"; };
		A511C9A1214D276E004FE4B8 /* ClassObjects.swift */ = {isa = PBXFileReference; fileEncoding = 4; lastKnownFileType = sourcecode.swift; path = ClassObjects.swift; sourceTree = "<group>"; };
		A5EB2C83214CB168006AF614 /* Athena.app */ = {isa = PBXFileReference; explicitFileType = wrapper.application; includeInIndex = 0; path = Athena.app; sourceTree = BUILT_PRODUCTS_DIR; };
		A5EB2C86214CB168006AF614 /* AppDelegate.swift */ = {isa = PBXFileReference; lastKnownFileType = sourcecode.swift; path = AppDelegate.swift; sourceTree = "<group>"; };
		A5EB2C88214CB168006AF614 /* art.scnassets */ = {isa = PBXFileReference; lastKnownFileType = wrapper.scnassets; path = art.scnassets; sourceTree = "<group>"; };
		A5EB2C8A214CB168006AF614 /* ARController.swift */ = {isa = PBXFileReference; lastKnownFileType = sourcecode.swift; path = ARController.swift; sourceTree = "<group>"; };
		A5EB2C8D214CB168006AF614 /* Base */ = {isa = PBXFileReference; lastKnownFileType = file.storyboard; name = Base; path = Base.lproj/Main.storyboard; sourceTree = "<group>"; };
		A5EB2C8F214CB16A006AF614 /* Assets.xcassets */ = {isa = PBXFileReference; lastKnownFileType = folder.assetcatalog; path = Assets.xcassets; sourceTree = "<group>"; };
		A5EB2C92214CB16A006AF614 /* Base */ = {isa = PBXFileReference; lastKnownFileType = file.storyboard; name = Base; path = Base.lproj/LaunchScreen.storyboard; sourceTree = "<group>"; };
		A5EB2C94214CB16A006AF614 /* Info.plist */ = {isa = PBXFileReference; lastKnownFileType = text.plist.xml; path = Info.plist; sourceTree = "<group>"; };
		A5EB2C99214CB16A006AF614 /* AthenaTests.xctest */ = {isa = PBXFileReference; explicitFileType = wrapper.cfbundle; includeInIndex = 0; path = AthenaTests.xctest; sourceTree = BUILT_PRODUCTS_DIR; };
		A5EB2C9D214CB16A006AF614 /* AthenaTests.swift */ = {isa = PBXFileReference; lastKnownFileType = sourcecode.swift; path = AthenaTests.swift; sourceTree = "<group>"; };
		A5EB2C9F214CB16A006AF614 /* Info.plist */ = {isa = PBXFileReference; lastKnownFileType = text.plist.xml; path = Info.plist; sourceTree = "<group>"; };
		A5EB2CA4214CB16A006AF614 /* AthenaUITests.xctest */ = {isa = PBXFileReference; explicitFileType = wrapper.cfbundle; includeInIndex = 0; path = AthenaUITests.xctest; sourceTree = BUILT_PRODUCTS_DIR; };
		A5EB2CA8214CB16A006AF614 /* AthenaUITests.swift */ = {isa = PBXFileReference; lastKnownFileType = sourcecode.swift; path = AthenaUITests.swift; sourceTree = "<group>"; };
		A5EB2CAA214CB16A006AF614 /* Info.plist */ = {isa = PBXFileReference; lastKnownFileType = text.plist.xml; path = Info.plist; sourceTree = "<group>"; };
		B7708D55FAE00C8983725636 /* Pods_Athena.framework */ = {isa = PBXFileReference; explicitFileType = wrapper.framework; includeInIndex = 0; path = Pods_Athena.framework; sourceTree = BUILT_PRODUCTS_DIR; };
		F1047C3B5A91ADE3B429524E /* Pods-AthenaUITests.release.xcconfig */ = {isa = PBXFileReference; includeInIndex = 1; lastKnownFileType = text.xcconfig; name = "Pods-AthenaUITests.release.xcconfig"; path = "Pods/Target Support Files/Pods-AthenaUITests/Pods-AthenaUITests.release.xcconfig"; sourceTree = "<group>"; };
		F6F991E478809E2B5C6FA8B8 /* Pods-AthenaTests.debug.xcconfig */ = {isa = PBXFileReference; includeInIndex = 1; lastKnownFileType = text.xcconfig; name = "Pods-AthenaTests.debug.xcconfig"; path = "Pods/Target Support Files/Pods-AthenaTests/Pods-AthenaTests.debug.xcconfig"; sourceTree = "<group>"; };
/* End PBXFileReference section */

/* Begin PBXFrameworksBuildPhase section */
		A5EB2C80214CB168006AF614 /* Frameworks */ = {
			isa = PBXFrameworksBuildPhase;
			buildActionMask = 2147483647;
			files = (
				3F07F4BA214D4FF600DFD08F /* MapKit.framework in Frameworks */,
				C5B92B49BEA9C902B4072C82 /* Pods_Athena.framework in Frameworks */,
			);
			runOnlyForDeploymentPostprocessing = 0;
		};
		A5EB2C96214CB16A006AF614 /* Frameworks */ = {
			isa = PBXFrameworksBuildPhase;
			buildActionMask = 2147483647;
			files = (
				A260D36332E7184D5B664F9B /* Pods_AthenaTests.framework in Frameworks */,
			);
			runOnlyForDeploymentPostprocessing = 0;
		};
		A5EB2CA1214CB16A006AF614 /* Frameworks */ = {
			isa = PBXFrameworksBuildPhase;
			buildActionMask = 2147483647;
			files = (
				62F9DD2F49EFB4B8F1058926 /* Pods_AthenaUITests.framework in Frameworks */,
			);
			runOnlyForDeploymentPostprocessing = 0;
		};
/* End PBXFrameworksBuildPhase section */

/* Begin PBXGroup section */
		08AD097A8F782C8DB2469E5F /* Pods */ = {
			isa = PBXGroup;
			children = (
				562688504CE2D98DA116A05C /* Pods-Athena.debug.xcconfig */,
				3C4CF29C55AB3E7E012547FA /* Pods-Athena.release.xcconfig */,
				F6F991E478809E2B5C6FA8B8 /* Pods-AthenaTests.debug.xcconfig */,
				33B3B774B691A682B469281B /* Pods-AthenaTests.release.xcconfig */,
				20B7EF3D011FFD405DDF4634 /* Pods-AthenaUITests.debug.xcconfig */,
				F1047C3B5A91ADE3B429524E /* Pods-AthenaUITests.release.xcconfig */,
			);
			name = Pods;
			sourceTree = "<group>";
		};
		A5CB2CF5214E893E007A1AD4 /* AR Kit Controller */ = {
			isa = PBXGroup;
			children = (
				3F07F4C1214D96D600DFD08F /* ARControllerCollectionVW.swift */,
				A5EB2C8A214CB168006AF614 /* ARController.swift */,
			);
			path = "AR Kit Controller";
			sourceTree = "<group>";
		};
		A5CB2CF6214E8955007A1AD4 /* Secondary Classes */ = {
			isa = PBXGroup;
			children = (
				3FE530A5214D1E9300DF3BAB /* SettingsController.swift */,
				A511C9A1214D276E004FE4B8 /* ClassObjects.swift */,
				A511C9A0214D276E004FE4B8 /* ViewController.swift */,
				3FC3034D214DE4B9007323D3 /* VC.swift */,
			);
			path = "Secondary Classes";
			sourceTree = "<group>";
		};
		A5EB2C7A214CB168006AF614 = {
			isa = PBXGroup;
			children = (
				A5EB2C85214CB168006AF614 /* Athena */,
				A5EB2C9C214CB16A006AF614 /* AthenaTests */,
				A5EB2CA7214CB16A006AF614 /* AthenaUITests */,
				A5EB2C84214CB168006AF614 /* Products */,
				08AD097A8F782C8DB2469E5F /* Pods */,
				B5FF3BB328F4C427ABDCAC07 /* Frameworks */,
			);
			sourceTree = "<group>";
		};
		A5EB2C84214CB168006AF614 /* Products */ = {
			isa = PBXGroup;
			children = (
				A5EB2C83214CB168006AF614 /* Athena.app */,
				A5EB2C99214CB16A006AF614 /* AthenaTests.xctest */,
				A5EB2CA4214CB16A006AF614 /* AthenaUITests.xctest */,
			);
			name = Products;
			sourceTree = "<group>";
		};
		A5EB2C85214CB168006AF614 /* Athena */ = {
			isa = PBXGroup;
			children = (
				A5CB2CF5214E893E007A1AD4 /* AR Kit Controller */,
				A5EB2C86214CB168006AF614 /* AppDelegate.swift */,
				A5EB2C88214CB168006AF614 /* art.scnassets */,
				A5EB2C8C214CB168006AF614 /* Main.storyboard */,
				A5CB2CF6214E8955007A1AD4 /* Secondary Classes */,
				A5EB2C8F214CB16A006AF614 /* Assets.xcassets */,
				3F07F4BD214D74C200DFD08F /* sample.jpeg */,
				A5EB2C91214CB16A006AF614 /* LaunchScreen.storyboard */,
				A5EB2C94214CB16A006AF614 /* Info.plist */,
			);
			path = Athena;
			sourceTree = "<group>";
		};
		A5EB2C9C214CB16A006AF614 /* AthenaTests */ = {
			isa = PBXGroup;
			children = (
				A5EB2C9D214CB16A006AF614 /* AthenaTests.swift */,
				A5EB2C9F214CB16A006AF614 /* Info.plist */,
			);
			path = AthenaTests;
			sourceTree = "<group>";
		};
		A5EB2CA7214CB16A006AF614 /* AthenaUITests */ = {
			isa = PBXGroup;
			children = (
				A5EB2CA8214CB16A006AF614 /* AthenaUITests.swift */,
				A5EB2CAA214CB16A006AF614 /* Info.plist */,
			);
			path = AthenaUITests;
			sourceTree = "<group>";
		};
		B5FF3BB328F4C427ABDCAC07 /* Frameworks */ = {
			isa = PBXGroup;
			children = (
				3F07F4B9214D4FF600DFD08F /* MapKit.framework */,
				B7708D55FAE00C8983725636 /* Pods_Athena.framework */,
				694A8580331A4B506A39E192 /* Pods_AthenaTests.framework */,
				7D506C87ED294023402F23FA /* Pods_AthenaUITests.framework */,
			);
			name = Frameworks;
			sourceTree = "<group>";
		};
/* End PBXGroup section */

/* Begin PBXNativeTarget section */
		A5EB2C82214CB168006AF614 /* Athena */ = {
			isa = PBXNativeTarget;
			buildConfigurationList = A5EB2CAD214CB16A006AF614 /* Build configuration list for PBXNativeTarget "Athena" */;
			buildPhases = (
				774BEBB918C9742CC8C5141A /* [CP] Check Pods Manifest.lock */,
				A5EB2C7F214CB168006AF614 /* Sources */,
				A5EB2C80214CB168006AF614 /* Frameworks */,
				A5EB2C81214CB168006AF614 /* Resources */,
				065A772833224EF0A389D256 /* [CP] Embed Pods Frameworks */,
			);
			buildRules = (
			);
			dependencies = (
			);
			name = Athena;
			productName = Athena;
			productReference = A5EB2C83214CB168006AF614 /* Athena.app */;
			productType = "com.apple.product-type.application";
		};
		A5EB2C98214CB16A006AF614 /* AthenaTests */ = {
			isa = PBXNativeTarget;
			buildConfigurationList = A5EB2CB0214CB16A006AF614 /* Build configuration list for PBXNativeTarget "AthenaTests" */;
			buildPhases = (
				1421F93E7D96BD71B6F2EFE6 /* [CP] Check Pods Manifest.lock */,
				A5EB2C95214CB16A006AF614 /* Sources */,
				A5EB2C96214CB16A006AF614 /* Frameworks */,
				A5EB2C97214CB16A006AF614 /* Resources */,
			);
			buildRules = (
			);
			dependencies = (
				A5EB2C9B214CB16A006AF614 /* PBXTargetDependency */,
			);
			name = AthenaTests;
			productName = AthenaTests;
			productReference = A5EB2C99214CB16A006AF614 /* AthenaTests.xctest */;
			productType = "com.apple.product-type.bundle.unit-test";
		};
		A5EB2CA3214CB16A006AF614 /* AthenaUITests */ = {
			isa = PBXNativeTarget;
			buildConfigurationList = A5EB2CB3214CB16A006AF614 /* Build configuration list for PBXNativeTarget "AthenaUITests" */;
			buildPhases = (
				ECF759889D98155506B2F7C1 /* [CP] Check Pods Manifest.lock */,
				A5EB2CA0214CB16A006AF614 /* Sources */,
				A5EB2CA1214CB16A006AF614 /* Frameworks */,
				A5EB2CA2214CB16A006AF614 /* Resources */,
			);
			buildRules = (
			);
			dependencies = (
				A5EB2CA6214CB16A006AF614 /* PBXTargetDependency */,
			);
			name = AthenaUITests;
			productName = AthenaUITests;
			productReference = A5EB2CA4214CB16A006AF614 /* AthenaUITests.xctest */;
			productType = "com.apple.product-type.bundle.ui-testing";
		};
/* End PBXNativeTarget section */

/* Begin PBXProject section */
		A5EB2C7B214CB168006AF614 /* Project object */ = {
			isa = PBXProject;
			attributes = {
				LastSwiftUpdateCheck = 0940;
				LastUpgradeCheck = 0940;
				ORGANIZATIONNAME = "Jamal Rasool";
				TargetAttributes = {
					A5EB2C82214CB168006AF614 = {
						CreatedOnToolsVersion = 9.4.1;
						SystemCapabilities = {
							com.apple.Maps.iOS = {
								enabled = 1;
							};
						};
					};
					A5EB2C98214CB16A006AF614 = {
						CreatedOnToolsVersion = 9.4.1;
						TestTargetID = A5EB2C82214CB168006AF614;
					};
					A5EB2CA3214CB16A006AF614 = {
						CreatedOnToolsVersion = 9.4.1;
						TestTargetID = A5EB2C82214CB168006AF614;
					};
				};
			};
			buildConfigurationList = A5EB2C7E214CB168006AF614 /* Build configuration list for PBXProject "Athena" */;
			compatibilityVersion = "Xcode 9.3";
			developmentRegion = en;
			hasScannedForEncodings = 0;
			knownRegions = (
				en,
				Base,
			);
			mainGroup = A5EB2C7A214CB168006AF614;
			productRefGroup = A5EB2C84214CB168006AF614 /* Products */;
			projectDirPath = "";
			projectRoot = "";
			targets = (
				A5EB2C82214CB168006AF614 /* Athena */,
				A5EB2C98214CB16A006AF614 /* AthenaTests */,
				A5EB2CA3214CB16A006AF614 /* AthenaUITests */,
			);
		};
/* End PBXProject section */

/* Begin PBXResourcesBuildPhase section */
		A5EB2C81214CB168006AF614 /* Resources */ = {
			isa = PBXResourcesBuildPhase;
			buildActionMask = 2147483647;
			files = (
				3F07F4BE214D74C200DFD08F /* sample.jpeg in Resources */,
				A5EB2C89214CB168006AF614 /* art.scnassets in Resources */,
				A5EB2C93214CB16A006AF614 /* LaunchScreen.storyboard in Resources */,
				A5EB2C90214CB16A006AF614 /* Assets.xcassets in Resources */,
				A5EB2C8E214CB168006AF614 /* Main.storyboard in Resources */,
			);
			runOnlyForDeploymentPostprocessing = 0;
		};
		A5EB2C97214CB16A006AF614 /* Resources */ = {
			isa = PBXResourcesBuildPhase;
			buildActionMask = 2147483647;
			files = (
			);
			runOnlyForDeploymentPostprocessing = 0;
		};
		A5EB2CA2214CB16A006AF614 /* Resources */ = {
			isa = PBXResourcesBuildPhase;
			buildActionMask = 2147483647;
			files = (
			);
			runOnlyForDeploymentPostprocessing = 0;
		};
/* End PBXResourcesBuildPhase section */

/* Begin PBXShellScriptBuildPhase section */
		065A772833224EF0A389D256 /* [CP] Embed Pods Frameworks */ = {
			isa = PBXShellScriptBuildPhase;
			buildActionMask = 2147483647;
			files = (
			);
			inputPaths = (
				"${SRCROOT}/Pods/Target Support Files/Pods-Athena/Pods-Athena-frameworks.sh",
				"${BUILT_PRODUCTS_DIR}/Kingfisher/Kingfisher.framework",
				"${BUILT_PRODUCTS_DIR}/SwiftyJSON/SwiftyJSON.framework",
			);
			name = "[CP] Embed Pods Frameworks";
			outputPaths = (
				"${TARGET_BUILD_DIR}/${FRAMEWORKS_FOLDER_PATH}/Kingfisher.framework",
				"${TARGET_BUILD_DIR}/${FRAMEWORKS_FOLDER_PATH}/SwiftyJSON.framework",
			);
			runOnlyForDeploymentPostprocessing = 0;
			shellPath = /bin/sh;
			shellScript = "\"${SRCROOT}/Pods/Target Support Files/Pods-Athena/Pods-Athena-frameworks.sh\"\n";
			showEnvVarsInLog = 0;
		};
		1421F93E7D96BD71B6F2EFE6 /* [CP] Check Pods Manifest.lock */ = {
			isa = PBXShellScriptBuildPhase;
			buildActionMask = 2147483647;
			files = (
			);
			inputPaths = (
				"${PODS_PODFILE_DIR_PATH}/Podfile.lock",
				"${PODS_ROOT}/Manifest.lock",
			);
			name = "[CP] Check Pods Manifest.lock";
			outputPaths = (
				"$(DERIVED_FILE_DIR)/Pods-AthenaTests-checkManifestLockResult.txt",
			);
			runOnlyForDeploymentPostprocessing = 0;
			shellPath = /bin/sh;
			shellScript = "diff \"${PODS_PODFILE_DIR_PATH}/Podfile.lock\" \"${PODS_ROOT}/Manifest.lock\" > /dev/null\nif [ $? != 0 ] ; then\n    # print error to STDERR\n    echo \"error: The sandbox is not in sync with the Podfile.lock. Run 'pod install' or update your CocoaPods installation.\" >&2\n    exit 1\nfi\n# This output is used by Xcode 'outputs' to avoid re-running this script phase.\necho \"SUCCESS\" > \"${SCRIPT_OUTPUT_FILE_0}\"\n";
			showEnvVarsInLog = 0;
		};
		774BEBB918C9742CC8C5141A /* [CP] Check Pods Manifest.lock */ = {
			isa = PBXShellScriptBuildPhase;
			buildActionMask = 2147483647;
			files = (
			);
			inputPaths = (
				"${PODS_PODFILE_DIR_PATH}/Podfile.lock",
				"${PODS_ROOT}/Manifest.lock",
			);
			name = "[CP] Check Pods Manifest.lock";
			outputPaths = (
				"$(DERIVED_FILE_DIR)/Pods-Athena-checkManifestLockResult.txt",
			);
			runOnlyForDeploymentPostprocessing = 0;
			shellPath = /bin/sh;
			shellScript = "diff \"${PODS_PODFILE_DIR_PATH}/Podfile.lock\" \"${PODS_ROOT}/Manifest.lock\" > /dev/null\nif [ $? != 0 ] ; then\n    # print error to STDERR\n    echo \"error: The sandbox is not in sync with the Podfile.lock. Run 'pod install' or update your CocoaPods installation.\" >&2\n    exit 1\nfi\n# This output is used by Xcode 'outputs' to avoid re-running this script phase.\necho \"SUCCESS\" > \"${SCRIPT_OUTPUT_FILE_0}\"\n";
			showEnvVarsInLog = 0;
		};
		ECF759889D98155506B2F7C1 /* [CP] Check Pods Manifest.lock */ = {
			isa = PBXShellScriptBuildPhase;
			buildActionMask = 2147483647;
			files = (
			);
			inputPaths = (
				"${PODS_PODFILE_DIR_PATH}/Podfile.lock",
				"${PODS_ROOT}/Manifest.lock",
			);
			name = "[CP] Check Pods Manifest.lock";
			outputPaths = (
				"$(DERIVED_FILE_DIR)/Pods-AthenaUITests-checkManifestLockResult.txt",
			);
			runOnlyForDeploymentPostprocessing = 0;
			shellPath = /bin/sh;
			shellScript = "diff \"${PODS_PODFILE_DIR_PATH}/Podfile.lock\" \"${PODS_ROOT}/Manifest.lock\" > /dev/null\nif [ $? != 0 ] ; then\n    # print error to STDERR\n    echo \"error: The sandbox is not in sync with the Podfile.lock. Run 'pod install' or update your CocoaPods installation.\" >&2\n    exit 1\nfi\n# This output is used by Xcode 'outputs' to avoid re-running this script phase.\necho \"SUCCESS\" > \"${SCRIPT_OUTPUT_FILE_0}\"\n";
			showEnvVarsInLog = 0;
		};
/* End PBXShellScriptBuildPhase section */

/* Begin PBXSourcesBuildPhase section */
		A5EB2C7F214CB168006AF614 /* Sources */ = {
			isa = PBXSourcesBuildPhase;
			buildActionMask = 2147483647;
			files = (
				3FE530A6214D1E9300DF3BAB /* SettingsController.swift in Sources */,
				A5EB2C8B214CB168006AF614 /* ARController.swift in Sources */,
				A5EB2C87214CB168006AF614 /* AppDelegate.swift in Sources */,
				3FC3034E214DE4B9007323D3 /* VC.swift in Sources */,
				3F07F4C2214D96D600DFD08F /* ARControllerCollectionVW.swift in Sources */,
				A511C9A5214D276F004FE4B8 /* ViewController.swift in Sources */,
				A511C9A6214D276F004FE4B8 /* ClassObjects.swift in Sources */,
			);
			runOnlyForDeploymentPostprocessing = 0;
		};
		A5EB2C95214CB16A006AF614 /* Sources */ = {
			isa = PBXSourcesBuildPhase;
			buildActionMask = 2147483647;
			files = (
				A5EB2C9E214CB16A006AF614 /* AthenaTests.swift in Sources */,
			);
			runOnlyForDeploymentPostprocessing = 0;
		};
		A5EB2CA0214CB16A006AF614 /* Sources */ = {
			isa = PBXSourcesBuildPhase;
			buildActionMask = 2147483647;
			files = (
				A5EB2CA9214CB16A006AF614 /* AthenaUITests.swift in Sources */,
			);
			runOnlyForDeploymentPostprocessing = 0;
		};
/* End PBXSourcesBuildPhase section */

/* Begin PBXTargetDependency section */
		A5EB2C9B214CB16A006AF614 /* PBXTargetDependency */ = {
			isa = PBXTargetDependency;
			target = A5EB2C82214CB168006AF614 /* Athena */;
			targetProxy = A5EB2C9A214CB16A006AF614 /* PBXContainerItemProxy */;
		};
		A5EB2CA6214CB16A006AF614 /* PBXTargetDependency */ = {
			isa = PBXTargetDependency;
			target = A5EB2C82214CB168006AF614 /* Athena */;
			targetProxy = A5EB2CA5214CB16A006AF614 /* PBXContainerItemProxy */;
		};
/* End PBXTargetDependency section */

/* Begin PBXVariantGroup section */
		A5EB2C8C214CB168006AF614 /* Main.storyboard */ = {
			isa = PBXVariantGroup;
			children = (
				A5EB2C8D214CB168006AF614 /* Base */,
			);
			name = Main.storyboard;
			sourceTree = "<group>";
		};
		A5EB2C91214CB16A006AF614 /* LaunchScreen.storyboard */ = {
			isa = PBXVariantGroup;
			children = (
				A5EB2C92214CB16A006AF614 /* Base */,
			);
			name = LaunchScreen.storyboard;
			sourceTree = "<group>";
		};
/* End PBXVariantGroup section */

/* Begin XCBuildConfiguration section */
		A5EB2CAB214CB16A006AF614 /* Debug */ = {
			isa = XCBuildConfiguration;
			buildSettings = {
				ALWAYS_SEARCH_USER_PATHS = NO;
				CLANG_ANALYZER_NONNULL = YES;
				CLANG_ANALYZER_NUMBER_OBJECT_CONVERSION = YES_AGGRESSIVE;
				CLANG_CXX_LANGUAGE_STANDARD = "gnu++14";
				CLANG_CXX_LIBRARY = "libc++";
				CLANG_ENABLE_MODULES = YES;
				CLANG_ENABLE_OBJC_ARC = YES;
				CLANG_ENABLE_OBJC_WEAK = YES;
				CLANG_WARN_BLOCK_CAPTURE_AUTORELEASING = YES;
				CLANG_WARN_BOOL_CONVERSION = YES;
				CLANG_WARN_COMMA = YES;
				CLANG_WARN_CONSTANT_CONVERSION = YES;
				CLANG_WARN_DEPRECATED_OBJC_IMPLEMENTATIONS = YES;
				CLANG_WARN_DIRECT_OBJC_ISA_USAGE = YES_ERROR;
				CLANG_WARN_DOCUMENTATION_COMMENTS = YES;
				CLANG_WARN_EMPTY_BODY = YES;
				CLANG_WARN_ENUM_CONVERSION = YES;
				CLANG_WARN_INFINITE_RECURSION = YES;
				CLANG_WARN_INT_CONVERSION = YES;
				CLANG_WARN_NON_LITERAL_NULL_CONVERSION = YES;
				CLANG_WARN_OBJC_IMPLICIT_RETAIN_SELF = YES;
				CLANG_WARN_OBJC_LITERAL_CONVERSION = YES;
				CLANG_WARN_OBJC_ROOT_CLASS = YES_ERROR;
				CLANG_WARN_RANGE_LOOP_ANALYSIS = YES;
				CLANG_WARN_STRICT_PROTOTYPES = YES;
				CLANG_WARN_SUSPICIOUS_MOVE = YES;
				CLANG_WARN_UNGUARDED_AVAILABILITY = YES_AGGRESSIVE;
				CLANG_WARN_UNREACHABLE_CODE = YES;
				CLANG_WARN__DUPLICATE_METHOD_MATCH = YES;
				CODE_SIGN_IDENTITY = "iPhone Developer";
				COPY_PHASE_STRIP = NO;
				DEBUG_INFORMATION_FORMAT = dwarf;
				ENABLE_STRICT_OBJC_MSGSEND = YES;
				ENABLE_TESTABILITY = YES;
				GCC_C_LANGUAGE_STANDARD = gnu11;
				GCC_DYNAMIC_NO_PIC = NO;
				GCC_NO_COMMON_BLOCKS = YES;
				GCC_OPTIMIZATION_LEVEL = 0;
				GCC_PREPROCESSOR_DEFINITIONS = (
					"DEBUG=1",
					"$(inherited)",
				);
				GCC_WARN_64_TO_32_BIT_CONVERSION = YES;
				GCC_WARN_ABOUT_RETURN_TYPE = YES_ERROR;
				GCC_WARN_UNDECLARED_SELECTOR = YES;
				GCC_WARN_UNINITIALIZED_AUTOS = YES_AGGRESSIVE;
				GCC_WARN_UNUSED_FUNCTION = YES;
				GCC_WARN_UNUSED_VARIABLE = YES;
				IPHONEOS_DEPLOYMENT_TARGET = 11.4;
				MTL_ENABLE_DEBUG_INFO = YES;
				ONLY_ACTIVE_ARCH = YES;
				SDKROOT = iphoneos;
				SWIFT_ACTIVE_COMPILATION_CONDITIONS = DEBUG;
				SWIFT_OPTIMIZATION_LEVEL = "-Onone";
			};
			name = Debug;
		};
		A5EB2CAC214CB16A006AF614 /* Release */ = {
			isa = XCBuildConfiguration;
			buildSettings = {
				ALWAYS_SEARCH_USER_PATHS = NO;
				CLANG_ANALYZER_NONNULL = YES;
				CLANG_ANALYZER_NUMBER_OBJECT_CONVERSION = YES_AGGRESSIVE;
				CLANG_CXX_LANGUAGE_STANDARD = "gnu++14";
				CLANG_CXX_LIBRARY = "libc++";
				CLANG_ENABLE_MODULES = YES;
				CLANG_ENABLE_OBJC_ARC = YES;
				CLANG_ENABLE_OBJC_WEAK = YES;
				CLANG_WARN_BLOCK_CAPTURE_AUTORELEASING = YES;
				CLANG_WARN_BOOL_CONVERSION = YES;
				CLANG_WARN_COMMA = YES;
				CLANG_WARN_CONSTANT_CONVERSION = YES;
				CLANG_WARN_DEPRECATED_OBJC_IMPLEMENTATIONS = YES;
				CLANG_WARN_DIRECT_OBJC_ISA_USAGE = YES_ERROR;
				CLANG_WARN_DOCUMENTATION_COMMENTS = YES;
				CLANG_WARN_EMPTY_BODY = YES;
				CLANG_WARN_ENUM_CONVERSION = YES;
				CLANG_WARN_INFINITE_RECURSION = YES;
				CLANG_WARN_INT_CONVERSION = YES;
				CLANG_WARN_NON_LITERAL_NULL_CONVERSION = YES;
				CLANG_WARN_OBJC_IMPLICIT_RETAIN_SELF = YES;
				CLANG_WARN_OBJC_LITERAL_CONVERSION = YES;
				CLANG_WARN_OBJC_ROOT_CLASS = YES_ERROR;
				CLANG_WARN_RANGE_LOOP_ANALYSIS = YES;
				CLANG_WARN_STRICT_PROTOTYPES = YES;
				CLANG_WARN_SUSPICIOUS_MOVE = YES;
				CLANG_WARN_UNGUARDED_AVAILABILITY = YES_AGGRESSIVE;
				CLANG_WARN_UNREACHABLE_CODE = YES;
				CLANG_WARN__DUPLICATE_METHOD_MATCH = YES;
				CODE_SIGN_IDENTITY = "iPhone Developer";
				COPY_PHASE_STRIP = NO;
				DEBUG_INFORMATION_FORMAT = "dwarf-with-dsym";
				ENABLE_NS_ASSERTIONS = NO;
				ENABLE_STRICT_OBJC_MSGSEND = YES;
				GCC_C_LANGUAGE_STANDARD = gnu11;
				GCC_NO_COMMON_BLOCKS = YES;
				GCC_WARN_64_TO_32_BIT_CONVERSION = YES;
				GCC_WARN_ABOUT_RETURN_TYPE = YES_ERROR;
				GCC_WARN_UNDECLARED_SELECTOR = YES;
				GCC_WARN_UNINITIALIZED_AUTOS = YES_AGGRESSIVE;
				GCC_WARN_UNUSED_FUNCTION = YES;
				GCC_WARN_UNUSED_VARIABLE = YES;
				IPHONEOS_DEPLOYMENT_TARGET = 11.4;
				MTL_ENABLE_DEBUG_INFO = NO;
				SDKROOT = iphoneos;
				SWIFT_COMPILATION_MODE = wholemodule;
				SWIFT_OPTIMIZATION_LEVEL = "-O";
				VALIDATE_PRODUCT = YES;
			};
			name = Release;
		};
		A5EB2CAE214CB16A006AF614 /* Debug */ = {
			isa = XCBuildConfiguration;
			baseConfigurationReference = 562688504CE2D98DA116A05C /* Pods-Athena.debug.xcconfig */;
			buildSettings = {
				ASSETCATALOG_COMPILER_APPICON_NAME = AppIcon;
				ASSETCATALOG_COMPILER_LAUNCHIMAGE_NAME = LaunchImage;
				CODE_SIGN_STYLE = Automatic;
				DEVELOPMENT_TEAM = 3LJY7XDPRA;
				INFOPLIST_FILE = Athena/Info.plist;
				LD_RUNPATH_SEARCH_PATHS = (
					"$(inherited)",
					"@executable_path/Frameworks",
				);
				PRODUCT_BUNDLE_IDENTIFIER = AalapPatel.Athena;
				PRODUCT_NAME = "$(TARGET_NAME)";
				SWIFT_VERSION = 4.0;
				TARGETED_DEVICE_FAMILY = "1,2";
			};
			name = Debug;
		};
		A5EB2CAF214CB16A006AF614 /* Release */ = {
			isa = XCBuildConfiguration;
			baseConfigurationReference = 3C4CF29C55AB3E7E012547FA /* Pods-Athena.release.xcconfig */;
			buildSettings = {
				ASSETCATALOG_COMPILER_APPICON_NAME = AppIcon;
				ASSETCATALOG_COMPILER_LAUNCHIMAGE_NAME = LaunchImage;
				CODE_SIGN_STYLE = Automatic;
				DEVELOPMENT_TEAM = 3LJY7XDPRA;
				INFOPLIST_FILE = Athena/Info.plist;
				LD_RUNPATH_SEARCH_PATHS = (
					"$(inherited)",
					"@executable_path/Frameworks",
				);
				PRODUCT_BUNDLE_IDENTIFIER = AalapPatel.Athena;
				PRODUCT_NAME = "$(TARGET_NAME)";
				SWIFT_VERSION = 4.0;
				TARGETED_DEVICE_FAMILY = "1,2";
			};
			name = Release;
		};
		A5EB2CB1214CB16A006AF614 /* Debug */ = {
			isa = XCBuildConfiguration;
			baseConfigurationReference = F6F991E478809E2B5C6FA8B8 /* Pods-AthenaTests.debug.xcconfig */;
			buildSettings = {
				ALWAYS_EMBED_SWIFT_STANDARD_LIBRARIES = YES;
				BUNDLE_LOADER = "$(TEST_HOST)";
				CODE_SIGN_STYLE = Automatic;
				DEVELOPMENT_TEAM = 4ZZP22A3W8;
				INFOPLIST_FILE = AthenaTests/Info.plist;
				LD_RUNPATH_SEARCH_PATHS = (
					"$(inherited)",
					"@executable_path/Frameworks",
					"@loader_path/Frameworks",
				);
				PRODUCT_BUNDLE_IDENTIFIER = Veve.AthenaTests;
				PRODUCT_NAME = "$(TARGET_NAME)";
				SWIFT_VERSION = 4.0;
				TARGETED_DEVICE_FAMILY = "1,2";
				TEST_HOST = "$(BUILT_PRODUCTS_DIR)/Athena.app/Athena";
			};
			name = Debug;
		};
		A5EB2CB2214CB16A006AF614 /* Release */ = {
			isa = XCBuildConfiguration;
			baseConfigurationReference = 33B3B774B691A682B469281B /* Pods-AthenaTests.release.xcconfig */;
			buildSettings = {
				ALWAYS_EMBED_SWIFT_STANDARD_LIBRARIES = YES;
				BUNDLE_LOADER = "$(TEST_HOST)";
				CODE_SIGN_STYLE = Automatic;
				DEVELOPMENT_TEAM = 4ZZP22A3W8;
				INFOPLIST_FILE = AthenaTests/Info.plist;
				LD_RUNPATH_SEARCH_PATHS = (
					"$(inherited)",
					"@executable_path/Frameworks",
					"@loader_path/Frameworks",
				);
				PRODUCT_BUNDLE_IDENTIFIER = Veve.AthenaTests;
				PRODUCT_NAME = "$(TARGET_NAME)";
				SWIFT_VERSION = 4.0;
				TARGETED_DEVICE_FAMILY = "1,2";
				TEST_HOST = "$(BUILT_PRODUCTS_DIR)/Athena.app/Athena";
			};
			name = Release;
		};
		A5EB2CB4214CB16A006AF614 /* Debug */ = {
			isa = XCBuildConfiguration;
			baseConfigurationReference = 20B7EF3D011FFD405DDF4634 /* Pods-AthenaUITests.debug.xcconfig */;
			buildSettings = {
				ALWAYS_EMBED_SWIFT_STANDARD_LIBRARIES = YES;
				CODE_SIGN_STYLE = Automatic;
				DEVELOPMENT_TEAM = 4ZZP22A3W8;
				INFOPLIST_FILE = AthenaUITests/Info.plist;
				LD_RUNPATH_SEARCH_PATHS = (
					"$(inherited)",
					"@executable_path/Frameworks",
					"@loader_path/Frameworks",
				);
				PRODUCT_BUNDLE_IDENTIFIER = Veve.AthenaUITests;
				PRODUCT_NAME = "$(TARGET_NAME)";
				SWIFT_VERSION = 4.0;
				TARGETED_DEVICE_FAMILY = "1,2";
				TEST_TARGET_NAME = Athena;
			};
			name = Debug;
		};
		A5EB2CB5214CB16A006AF614 /* Release */ = {
			isa = XCBuildConfiguration;
			baseConfigurationReference = F1047C3B5A91ADE3B429524E /* Pods-AthenaUITests.release.xcconfig */;
			buildSettings = {
				ALWAYS_EMBED_SWIFT_STANDARD_LIBRARIES = YES;
				CODE_SIGN_STYLE = Automatic;
				DEVELOPMENT_TEAM = 4ZZP22A3W8;
				INFOPLIST_FILE = AthenaUITests/Info.plist;
				LD_RUNPATH_SEARCH_PATHS = (
					"$(inherited)",
					"@executable_path/Frameworks",
					"@loader_path/Frameworks",
				);
				PRODUCT_BUNDLE_IDENTIFIER = Veve.AthenaUITests;
				PRODUCT_NAME = "$(TARGET_NAME)";
				SWIFT_VERSION = 4.0;
				TARGETED_DEVICE_FAMILY = "1,2";
				TEST_TARGET_NAME = Athena;
			};
			name = Release;
		};
/* End XCBuildConfiguration section */

/* Begin XCConfigurationList section */
		A5EB2C7E214CB168006AF614 /* Build configuration list for PBXProject "Athena" */ = {
			isa = XCConfigurationList;
			buildConfigurations = (
				A5EB2CAB214CB16A006AF614 /* Debug */,
				A5EB2CAC214CB16A006AF614 /* Release */,
			);
			defaultConfigurationIsVisible = 0;
			defaultConfigurationName = Release;
		};
		A5EB2CAD214CB16A006AF614 /* Build configuration list for PBXNativeTarget "Athena" */ = {
			isa = XCConfigurationList;
			buildConfigurations = (
				A5EB2CAE214CB16A006AF614 /* Debug */,
				A5EB2CAF214CB16A006AF614 /* Release */,
			);
			defaultConfigurationIsVisible = 0;
			defaultConfigurationName = Release;
		};
		A5EB2CB0214CB16A006AF614 /* Build configuration list for PBXNativeTarget "AthenaTests" */ = {
			isa = XCConfigurationList;
			buildConfigurations = (
				A5EB2CB1214CB16A006AF614 /* Debug */,
				A5EB2CB2214CB16A006AF614 /* Release */,
			);
			defaultConfigurationIsVisible = 0;
			defaultConfigurationName = Release;
		};
		A5EB2CB3214CB16A006AF614 /* Build configuration list for PBXNativeTarget "AthenaUITests" */ = {
			isa = XCConfigurationList;
			buildConfigurations = (
				A5EB2CB4214CB16A006AF614 /* Debug */,
				A5EB2CB5214CB16A006AF614 /* Release */,
			);
			defaultConfigurationIsVisible = 0;
			defaultConfigurationName = Release;
		};
/* End XCConfigurationList section */
	};
	rootObject = A5EB2C7B214CB168006AF614 /* Project object */;
}
